
Microsoft Visual Studio Solution File, Format Version 12.00
# Visual Studio Version 17
VisualStudioVersion = 17.1.32210.238
MinimumVisualStudioVersion = 10.0.40219.1
Project("{FAE04EC0-301F-11D3-BF4B-00C04F79EFBC}") = "PartidaJugadores", "PartidaJugadores\PartidaJugadores.csproj", "{492714E4-5865-49B7-BC94-DF3E1E8CEDAB}"
EndProject
Global
	GlobalSection(SolutionConfigurationPlatforms) = preSolution
		Debug|Any CPU = Debug|Any CPU
		Release|Any CPU = Release|Any CPU
	EndGlobalSection
	GlobalSection(ProjectConfigurationPlatforms) = postSolution
		{492714E4-5865-49B7-BC94-DF3E1E8CEDAB}.Debug|Any CPU.ActiveCfg = Debug|Any CPU
		{492714E4-5865-49B7-BC94-DF3E1E8CEDAB}.Debug|Any CPU.Build.0 = Debug|Any CPU
		{492714E4-5865-49B7-BC94-DF3E1E8CEDAB}.Release|Any CPU.ActiveCfg = Release|Any CPU
		{492714E4-5865-49B7-BC94-DF3E1E8CEDAB}.Release|Any CPU.Build.0 = Release|Any CPU
	EndGlobalSection
	GlobalSection(SolutionProperties) = preSolution
		HideSolutionNode = FALSE
	EndGlobalSection
	GlobalSection(ExtensibilityGlobals) = postSolution
		SolutionGuid = {0C01BE1E-4520-4F62-BCF8-2028F42C43CB}
	EndGlobalSection
EndGlobal
